{
  "name": "Bickepacking",
  "lockfileVersion": 3,
  "requires": true,
  "packages": {
    "": {
      "dependencies": {
        "@github/relative-time-element": "^4.4.0"
      }
    },
    "node_modules/@github/relative-time-element": {
      "version": "4.4.0",
      "resolved": "https://registry.npmjs.org/@github/relative-time-element/-/relative-time-element-4.4.0.tgz",
      "integrity": "sha512-CrI6oAecoahG7PF5dsgjdvlF5kCtusVMjg810EULD81TvnDsP+k/FRi/ClFubWLgBo4EGpr2EfvmumtqQFo7ow=="
    }
  }
}
